<?xml version="1.0" encoding="utf-8"?>
<Project ToolsVersion="4.0" xmlns="http://schemas.microsoft.com/developer/msbuild/2003">
  <ItemGroup>
    <Filter Include="Source Files">
      <UniqueIdentifier>{4FC737F1-C7A5-4376-A066-2A32D752A2FF}</UniqueIdentifier>
      <Extensions>cpp;c;cc;cxx;c++;cppm;ixx;def;odl;idl;hpj;bat;asm;asmx</Extensions>
    </Filter>
    <Filter Include="Header Files">
      <UniqueIdentifier>{93995380-89BD-4b04-88EB-625FBE52EBFB}</UniqueIdentifier>
      <Extensions>h;hh;hpp;hxx;h++;hm;inl;inc;ipp;xsd</Extensions>
    </Filter>
    <Filter Include="Resource Files">
      <UniqueIdentifier>{67DA6AB6-F800-4c08-8B7A-83BB121AAD01}</UniqueIdentifier>
      <Extensions>rc;ico;cur;bmp;dlg;rc2;rct;bin;rgs;gif;jpg;jpeg;jpe;resx;tiff;tif;png;wav;mfcribbon-ms</Extensions>
    </Filter>
  </ItemGroup>
  <ItemGroup>
    <ClInclude Include="Utilities\String.hpp">
      <Filter>Header Files</Filter>
    </ClInclude>
    <ClInclude Include="Utilities\Image\Montage.hpp">
      <Filter>Header Files</Filter>
    </ClInclude>
    <ClInclude Include="Algorithms\BinaryComposite\IBinaryComposite.hpp">
      <Filter>Header Files</Filter>
    </ClInclude>
    <ClInclude Include="Utilities\Logging\Logger.hpp">
      <Filter>Header Files</Filter>
    </ClInclude>
    <ClInclude Include="Utilities\Logging\IImageLogger.hpp">
      <Filter>Header Files</Filter>
    </ClInclude>
    <ClInclude Include="Utilities\Environment\IDateTimeProvider.hpp">
      <Filter>Header Files</Filter>
    </ClInclude>
    <ClInclude Include="Utilities\Logging\WindowImageLogger.hpp">
      <Filter>Header Files</Filter>
    </ClInclude>
    <ClInclude Include="Utilities\Logging\ContextStack.hpp">
      <Filter>Header Files</Filter>
    </ClInclude>
    <ClInclude Include="Utilities\Environment\IScreenSizeProvider.hpp">
      <Filter>Header Files</Filter>
    </ClInclude>
    <ClInclude Include="Utilities\Environment\WindowsScreenSizeProvider.hpp">
      <Filter>Header Files</Filter>
    </ClInclude>
    <ClInclude Include="Utilities\DependencyInjection\IDependable.hpp">
      <Filter>Header Files</Filter>
    </ClInclude>
    <ClInclude Include="Utilities\DependencyInjection\DependencyLoader.hpp">
      <Filter>Header Files</Filter>
    </ClInclude>
    <ClInclude Include="Utilities\Environment\DateTimeProvider.hpp">
      <Filter>Header Files</Filter>
    </ClInclude>
    <ClInclude Include="Utilities\DependencyInjection\DependencyProvider.hpp">
      <Filter>Header Files</Filter>
    </ClInclude>
    <ClInclude Include="Utilities\DependencyInjection\IInjectable.hpp">
      <Filter>Header Files</Filter>
    </ClInclude>
    <ClInclude Include="Utilities\Logging\IContextStack.hpp">
      <Filter>Header Files</Filter>
    </ClInclude>
    <ClInclude Include="Utilities\DependencyInjection\SubfocalProvider.hpp">
      <Filter>Header Files</Filter>
    </ClInclude>
    <ClInclude Include="stdafx.h">
      <Filter>Header Files</Filter>
    </ClInclude>
    <ClInclude Include="Utilities\Image\Resize.hpp">
      <Filter>Header Files</Filter>
    </ClInclude>
    <ClInclude Include="Algorithms\Algorithm.hpp">
      <Filter>Header Files</Filter>
    </ClInclude>
    <ClInclude Include="Models\Configuration\Configuration.hpp">
      <Filter>Header Files</Filter>
    </ClInclude>
    <ClInclude Include="Algorithms\BinaryComposite\CrossFade.hpp">
      <Filter>Header Files</Filter>
    </ClInclude>
    <ClInclude Include="Models\Configuration\Configurable.hpp">
      <Filter>Header Files</Filter>
    </ClInclude>
    <ClInclude Include="Models\Configuration\Configurer.hpp">
      <Filter>Header Files</Filter>
    </ClInclude>
    <ClInclude Include="Algorithms\AlgorithmFactoryBase.hpp">
      <Filter>Header Files</Filter>
    </ClInclude>
    <ClInclude Include="Algorithms\BinaryComposite\BinaryCompositeFactory.hpp">
      <Filter>Header Files</Filter>
    </ClInclude>
    <ClInclude Include="Algorithms\SubfocalAlgorithmFactory.hpp">
      <Filter>Header Files</Filter>
    </ClInclude>
    <ClInclude Include="Utilities\Image\Normalize.hpp">
      <Filter>Header Files</Filter>
    </ClInclude>
    <ClInclude Include="Utilities\Image\Pyramid.hpp">
      <Filter>Header Files</Filter>
    </ClInclude>
    <ClInclude Include="Algorithms\BinaryComposite\MultiResolutionSpline.hpp">
      <Filter>Header Files</Filter>
    </ClInclude>
    <ClInclude Include="Algorithms\Resize\IResize.hpp">
      <Filter>Header Files</Filter>
    </ClInclude>
    <ClInclude Include="Algorithms\Resize\ContentAwareResize.hpp">
      <Filter>Header Files</Filter>
    </ClInclude>
    <ClInclude Include="Algorithms\Resize\ResizeFactory.hpp">
      <Filter>Header Files</Filter>
    </ClInclude>
    <ClInclude Include="Utilities\Image\Display.hpp">
      <Filter>Header Files</Filter>
    </ClInclude>
  </ItemGroup>
  <ItemGroup>
    <ClCompile Include="Utilities\String.cpp">
      <Filter>Source Files</Filter>
    </ClCompile>
    <ClCompile Include="Utilities\Image\Montage.cpp">
      <Filter>Source Files</Filter>
    </ClCompile>
    <ClCompile Include="Utilities\Logging\Logger.cpp">
      <Filter>Source Files</Filter>
    </ClCompile>
    <ClCompile Include="Utilities\Logging\WindowImageLogger.cpp">
      <Filter>Source Files</Filter>
    </ClCompile>
    <ClCompile Include="Utilities\Logging\ContextStack.cpp">
      <Filter>Source Files</Filter>
    </ClCompile>
    <ClCompile Include="Utilities\Environment\WindowsScreenSizeProvider.cpp">
      <Filter>Source Files</Filter>
    </ClCompile>
    <ClCompile Include="Utilities\DependencyInjection\DependencyLoader.cpp">
      <Filter>Source Files</Filter>
    </ClCompile>
    <ClCompile Include="Utilities\Environment\DateTimeProvider.cpp">
      <Filter>Source Files</Filter>
    </ClCompile>
    <ClCompile Include="Utilities\DependencyInjection\DependencyProvider.cpp">
      <Filter>Source Files</Filter>
    </ClCompile>
    <ClCompile Include="Utilities\DependencyInjection\SubfocalProvider.cpp">
      <Filter>Source Files</Filter>
    </ClCompile>
    <ClCompile Include="stdafx.cpp">
      <Filter>Source Files</Filter>
    </ClCompile>
    <ClCompile Include="Utilities\Image\Resize.cpp">
      <Filter>Source Files</Filter>
    </ClCompile>
    <ClCompile Include="Models\Configuration\Configuration.cpp">
      <Filter>Source Files</Filter>
    </ClCompile>
    <ClCompile Include="Algorithms\BinaryComposite\CrossFade.cpp">
      <Filter>Source Files</Filter>
    </ClCompile>
    <ClCompile Include="Models\Configuration\Configurable.cpp">
      <Filter>Source Files</Filter>
    </ClCompile>
    <ClCompile Include="Algorithms\Algorithm.cpp">
      <Filter>Source Files</Filter>
    </ClCompile>
    <ClCompile Include="Algorithms\AlgorithmFactoryBase.cpp">
      <Filter>Source Files</Filter>
    </ClCompile>
    <ClCompile Include="Algorithms\BinaryComposite\BinaryCompositeFactory.cpp">
      <Filter>Source Files</Filter>
    </ClCompile>
    <ClCompile Include="Algorithms\SubfocalAlgorithmFactory.cpp">
      <Filter>Source Files</Filter>
    </ClCompile>
    <ClCompile Include="Utilities\Image\Normalize.cpp">
      <Filter>Source Files</Filter>
    </ClCompile>
    <ClCompile Include="Utilities\Image\Pyramid.cpp">
      <Filter>Source Files</Filter>
    </ClCompile>
    <ClCompile Include="Algorithms\BinaryComposite\MultiResolutionSpline.cpp">
      <Filter>Source Files</Filter>
    </ClCompile>
    <ClCompile Include="Algorithms\Resize\ContentAwareResize.cpp">
      <Filter>Source Files</Filter>
    </ClCompile>
    <ClCompile Include="Algorithms\Resize\ResizeFactory.cpp">
      <Filter>Source Files</Filter>
    </ClCompile>
    <ClCompile Include="Utilities\Image\Display.cpp">
      <Filter>Source Files</Filter>
    </ClCompile>
  </ItemGroup>
</Project>